// !$*UTF8*$!
{
	archiveVersion = 1;
	classes = {
	};
	objectVersion = 50;
	objects = {

/* Begin PBXBuildFile section */
		638AD81322F8AE27005FA8B3 /* AppDelegate.swift in Sources */ = {isa = PBXBuildFile; fileRef = 638AD81222F8AE27005FA8B3 /* AppDelegate.swift */; };
		638AD81822F8AE27005FA8B3 /* Main.storyboard in Resources */ = {isa = PBXBuildFile; fileRef = 638AD81622F8AE27005FA8B3 /* Main.storyboard */; };
		638AD81A22F8AE27005FA8B3 /* Assets.xcassets in Resources */ = {isa = PBXBuildFile; fileRef = 638AD81922F8AE27005FA8B3 /* Assets.xcassets */; };
		638AD81D22F8AE27005FA8B3 /* LaunchScreen.storyboard in Resources */ = {isa = PBXBuildFile; fileRef = 638AD81B22F8AE27005FA8B3 /* LaunchScreen.storyboard */; };
		638AD82A22F8B18B005FA8B3 /* AlarmListTableViewController.swift in Sources */ = {isa = PBXBuildFile; fileRef = 638AD82922F8B18B005FA8B3 /* AlarmListTableViewController.swift */; };
		638AD82C22F8B913005FA8B3 /* AlarmDetailTableViewController.swift in Sources */ = {isa = PBXBuildFile; fileRef = 638AD82B22F8B913005FA8B3 /* AlarmDetailTableViewController.swift */; };
		638AD82E22F8BA1A005FA8B3 /* SwitchTableViewCell.swift in Sources */ = {isa = PBXBuildFile; fileRef = 638AD82D22F8BA1A005FA8B3 /* SwitchTableViewCell.swift */; };
		638AD83022F8C5D1005FA8B3 /* Alarm.swift in Sources */ = {isa = PBXBuildFile; fileRef = 638AD82F22F8C5D1005FA8B3 /* Alarm.swift */; };
		638AD83222F8C8FC005FA8B3 /* AlarmController.swift in Sources */ = {isa = PBXBuildFile; fileRef = 638AD83122F8C8FC005FA8B3 /* AlarmController.swift */; };
/* End PBXBuildFile section */

/* Begin PBXFileReference section */
		638AD80F22F8AE27005FA8B3 /* AlarmProject.app */ = {isa = PBXFileReference; explicitFileType = wrapper.application; includeInIndex = 0; path = AlarmProject.app; sourceTree = BUILT_PRODUCTS_DIR; };
		638AD81222F8AE27005FA8B3 /* AppDelegate.swift */ = {isa = PBXFileReference; lastKnownFileType = sourcecode.swift; path = AppDelegate.swift; sourceTree = "<group>"; };
		638AD81722F8AE27005FA8B3 /* Base */ = {isa = PBXFileReference; lastKnownFileType = file.storyboard; name = Base; path = Base.lproj/Main.storyboard; sourceTree = "<group>"; };
		638AD81922F8AE27005FA8B3 /* Assets.xcassets */ = {isa = PBXFileReference; lastKnownFileType = folder.assetcatalog; path = Assets.xcassets; sourceTree = "<group>"; };
		638AD81C22F8AE27005FA8B3 /* Base */ = {isa = PBXFileReference; lastKnownFileType = file.storyboard; name = Base; path = Base.lproj/LaunchScreen.storyboard; sourceTree = "<group>"; };
		638AD81E22F8AE27005FA8B3 /* Info.plist */ = {isa = PBXFileReference; lastKnownFileType = text.plist.xml; path = Info.plist; sourceTree = "<group>"; };
		638AD82922F8B18B005FA8B3 /* AlarmListTableViewController.swift */ = {isa = PBXFileReference; lastKnownFileType = sourcecode.swift; path = AlarmListTableViewController.swift; sourceTree = "<group>"; };
		638AD82B22F8B913005FA8B3 /* AlarmDetailTableViewController.swift */ = {isa = PBXFileReference; lastKnownFileType = sourcecode.swift; path = AlarmDetailTableViewController.swift; sourceTree = "<group>"; };
		638AD82D22F8BA1A005FA8B3 /* SwitchTableViewCell.swift */ = {isa = PBXFileReference; lastKnownFileType = sourcecode.swift; path = SwitchTableViewCell.swift; sourceTree = "<group>"; };
		638AD82F22F8C5D1005FA8B3 /* Alarm.swift */ = {isa = PBXFileReference; lastKnownFileType = sourcecode.swift; path = Alarm.swift; sourceTree = "<group>"; };
		638AD83122F8C8FC005FA8B3 /* AlarmController.swift */ = {isa = PBXFileReference; lastKnownFileType = sourcecode.swift; path = AlarmController.swift; sourceTree = "<group>"; };
/* End PBXFileReference section */

/* Begin PBXFrameworksBuildPhase section */
		638AD80C22F8AE27005FA8B3 /* Frameworks */ = {
			isa = PBXFrameworksBuildPhase;
			buildActionMask = 2147483647;
			files = (
			);
			runOnlyForDeploymentPostprocessing = 0;
		};
/* End PBXFrameworksBuildPhase section */

/* Begin PBXGroup section */
		638AD80622F8AE26005FA8B3 = {
			isa = PBXGroup;
			children = (
				638AD81122F8AE27005FA8B3 /* AlarmProject */,
				638AD81022F8AE27005FA8B3 /* Products */,
			);
			sourceTree = "<group>";
		};
		638AD81022F8AE27005FA8B3 /* Products */ = {
			isa = PBXGroup;
			children = (
				638AD80F22F8AE27005FA8B3 /* AlarmProject.app */,
			);
			name = Products;
			sourceTree = "<group>";
		};
		638AD81122F8AE27005FA8B3 /* AlarmProject */ = {
			isa = PBXGroup;
			children = (
				638AD82822F8AFBE005FA8B3 /* Models */,
				638AD82722F8AFB6005FA8B3 /* ModelControllers */,
				638AD82622F8AFAA005FA8B3 /* Views */,
				638AD82522F8AFA3005FA8B3 /* ViewControllers */,
				638AD82422F8AF78005FA8B3 /* Resources */,
				638AD81622F8AE27005FA8B3 /* Main.storyboard */,
			);
			path = AlarmProject;
			sourceTree = "<group>";
		};
		638AD82422F8AF78005FA8B3 /* Resources */ = {
			isa = PBXGroup;
			children = (
				638AD81222F8AE27005FA8B3 /* AppDelegate.swift */,
				638AD81922F8AE27005FA8B3 /* Assets.xcassets */,
				638AD81B22F8AE27005FA8B3 /* LaunchScreen.storyboard */,
				638AD81E22F8AE27005FA8B3 /* Info.plist */,
			);
			path = Resources;
			sourceTree = "<group>";
		};
		638AD82522F8AFA3005FA8B3 /* ViewControllers */ = {
			isa = PBXGroup;
			children = (
				638AD82922F8B18B005FA8B3 /* AlarmListTableViewController.swift */,
				638AD82B22F8B913005FA8B3 /* AlarmDetailTableViewController.swift */,
			);
			path = ViewControllers;
			sourceTree = "<group>";
		};
		638AD82622F8AFAA005FA8B3 /* Views */ = {
			isa = PBXGroup;
			children = (
				638AD82D22F8BA1A005FA8B3 /* SwitchTableViewCell.swift */,
			);
			path = Views;
			sourceTree = "<group>";
		};
		638AD82722F8AFB6005FA8B3 /* ModelControllers */ = {
			isa = PBXGroup;
			children = (
				638AD83122F8C8FC005FA8B3 /* AlarmController.swift */,
			);
			path = ModelControllers;
			sourceTree = "<group>";
		};
		638AD82822F8AFBE005FA8B3 /* Models */ = {
			isa = PBXGroup;
			children = (
				638AD82F22F8C5D1005FA8B3 /* Alarm.swift */,
			);
			path = Models;
			sourceTree = "<group>";
		};
/* End PBXGroup section */

/* Begin PBXNativeTarget section */
		638AD80E22F8AE27005FA8B3 /* AlarmProject */ = {
			isa = PBXNativeTarget;
			buildConfigurationList = 638AD82122F8AE27005FA8B3 /* Build configuration list for PBXNativeTarget "AlarmProject" */;
			buildPhases = (
				638AD80B22F8AE27005FA8B3 /* Sources */,
				638AD80C22F8AE27005FA8B3 /* Frameworks */,
				638AD80D22F8AE27005FA8B3 /* Resources */,
			);
			buildRules = (
			);
			dependencies = (
			);
			name = AlarmProject;
			productName = AlarmProject;
			productReference = 638AD80F22F8AE27005FA8B3 /* AlarmProject.app */;
			productType = "com.apple.product-type.application";
		};
/* End PBXNativeTarget section */

/* Begin PBXProject section */
		638AD80722F8AE26005FA8B3 /* Project object */ = {
			isa = PBXProject;
			attributes = {
				LastSwiftUpdateCheck = 1030;
				LastUpgradeCheck = 1030;
				ORGANIZATIONNAME = "Blake kvarfordt";
				TargetAttributes = {
					638AD80E22F8AE27005FA8B3 = {
						CreatedOnToolsVersion = 10.3;
					};
				};
			};
			buildConfigurationList = 638AD80A22F8AE26005FA8B3 /* Build configuration list for PBXProject "AlarmProject" */;
			compatibilityVersion = "Xcode 9.3";
			developmentRegion = en;
			hasScannedForEncodings = 0;
			knownRegions = (
				en,
				Base,
			);
			mainGroup = 638AD80622F8AE26005FA8B3;
			productRefGroup = 638AD81022F8AE27005FA8B3 /* Products */;
			projectDirPath = "";
			projectRoot = "";
			targets = (
				638AD80E22F8AE27005FA8B3 /* AlarmProject */,
			);
		};
/* End PBXProject section */

/* Begin PBXResourcesBuildPhase section */
		638AD80D22F8AE27005FA8B3 /* Resources */ = {
			isa = PBXResourcesBuildPhase;
			buildActionMask = 2147483647;
			files = (
				638AD81D22F8AE27005FA8B3 /* LaunchScreen.storyboard in Resources */,
				638AD81A22F8AE27005FA8B3 /* Assets.xcassets in Resources */,
				638AD81822F8AE27005FA8B3 /* Main.storyboard in Resources */,
			);
			runOnlyForDeploymentPostprocessing = 0;
		};
/* End PBXResourcesBuildPhase section */

/* Begin PBXSourcesBuildPhase section */
		638AD80B22F8AE27005FA8B3 /* Sources */ = {
			isa = PBXSourcesBuildPhase;
			buildActionMask = 2147483647;
			files = (
				638AD82C22F8B913005FA8B3 /* AlarmDetailTableViewController.swift in Sources */,
				638AD82E22F8BA1A005FA8B3 /* SwitchTableViewCell.swift in Sources */,
				638AD83022F8C5D1005FA8B3 /* Alarm.swift in Sources */,
				638AD81322F8AE27005FA8B3 /* AppDelegate.swift in Sources */,
				638AD82A22F8B18B005FA8B3 /* AlarmListTableViewController.swift in Sources */,
				638AD83222F8C8FC005FA8B3 /* AlarmController.swift in Sources */,
			);
			runOnlyForDeploymentPostprocessing = 0;
		};
/* End PBXSourcesBuildPhase section */

/* Begin PBXVariantGroup section */
		638AD81622F8AE27005FA8B3 /* Main.storyboard */ = {
			isa = PBXVariantGroup;
			children = (
				638AD81722F8AE27005FA8B3 /* Base */,
			);
			name = Main.storyboard;
			sourceTree = "<group>";
		};
		638AD81B22F8AE27005FA8B3 /* LaunchScreen.storyboard */ = {
			isa = PBXVariantGroup;
			children = (
				638AD81C22F8AE27005FA8B3 /* Base */,
			);
			name = LaunchScreen.storyboard;
			sourceTree = "<group>";
		};
/* End PBXVariantGroup section */

/* Begin XCBuildConfiguration section */
		638AD81F22F8AE27005FA8B3 /* Debug */ = {
			isa = XCBuildConfiguration;
			buildSettings = {
				ALWAYS_SEARCH_USER_PATHS = NO;
				CLANG_ANALYZER_NONNULL = YES;
				CLANG_ANALYZER_NUMBER_OBJECT_CONVERSION = YES_AGGRESSIVE;
				CLANG_CXX_LANGUAGE_STANDARD = "gnu++14";
				CLANG_CXX_LIBRARY = "libc++";
				CLANG_ENABLE_MODULES = YES;
				CLANG_ENABLE_OBJC_ARC = YES;
				CLANG_ENABLE_OBJC_WEAK = YES;
				CLANG_WARN_BLOCK_CAPTURE_AUTORELEASING = YES;
				CLANG_WARN_BOOL_CONVERSION = YES;
				CLANG_WARN_COMMA = YES;
				CLANG_WARN_CONSTANT_CONVERSION = YES;
				CLANG_WARN_DEPRECATED_OBJC_IMPLEMENTATIONS = YES;
				CLANG_WARN_DIRECT_OBJC_ISA_USAGE = YES_ERROR;
				CLANG_WARN_DOCUMENTATION_COMMENTS = YES;
				CLANG_WARN_EMPTY_BODY = YES;
				CLANG_WARN_ENUM_CONVERSION = YES;
				CLANG_WARN_INFINITE_RECURSION = YES;
				CLANG_WARN_INT_CONVERSION = YES;
				CLANG_WARN_NON_LITERAL_NULL_CONVERSION = YES;
				CLANG_WARN_OBJC_IMPLICIT_RETAIN_SELF = YES;
				CLANG_WARN_OBJC_LITERAL_CONVERSION = YES;
				CLANG_WARN_OBJC_ROOT_CLASS = YES_ERROR;
				CLANG_WARN_RANGE_LOOP_ANALYSIS = YES;
				CLANG_WARN_STRICT_PROTOTYPES = YES;
				CLANG_WARN_SUSPICIOUS_MOVE = YES;
				CLANG_WARN_UNGUARDED_AVAILABILITY = YES_AGGRESSIVE;
				CLANG_WARN_UNREACHABLE_CODE = YES;
				CLANG_WARN__DUPLICATE_METHOD_MATCH = YES;
				CODE_SIGN_IDENTITY = "iPhone Developer";
				COPY_PHASE_STRIP = NO;
				DEBUG_INFORMATION_FORMAT = dwarf;
				ENABLE_STRICT_OBJC_MSGSEND = YES;
				ENABLE_TESTABILITY = YES;
				GCC_C_LANGUAGE_STANDARD = gnu11;
				GCC_DYNAMIC_NO_PIC = NO;
				GCC_NO_COMMON_BLOCKS = YES;
				GCC_OPTIMIZATION_LEVEL = 0;
				GCC_PREPROCESSOR_DEFINITIONS = (
					"DEBUG=1",
					"$(inherited)",
				);
				GCC_WARN_64_TO_32_BIT_CONVERSION = YES;
				GCC_WARN_ABOUT_RETURN_TYPE = YES_ERROR;
				GCC_WARN_UNDECLARED_SELECTOR = YES;
				GCC_WARN_UNINITIALIZED_AUTOS = YES_AGGRESSIVE;
				GCC_WARN_UNUSED_FUNCTION = YES;
				GCC_WARN_UNUSED_VARIABLE = YES;
				IPHONEOS_DEPLOYMENT_TARGET = 12.4;
				MTL_ENABLE_DEBUG_INFO = INCLUDE_SOURCE;
				MTL_FAST_MATH = YES;
				ONLY_ACTIVE_ARCH = YES;
				SDKROOT = iphoneos;
				SWIFT_ACTIVE_COMPILATION_CONDITIONS = DEBUG;
				SWIFT_OPTIMIZATION_LEVEL = "-Onone";
			};
			name = Debug;
		};
		638AD82022F8AE27005FA8B3 /* Release */ = {
			isa = XCBuildConfiguration;
			buildSettings = {
				ALWAYS_SEARCH_USER_PATHS = NO;
				CLANG_ANALYZER_NONNULL = YES;
				CLANG_ANALYZER_NUMBER_OBJECT_CONVERSION = YES_AGGRESSIVE;
				CLANG_CXX_LANGUAGE_STANDARD = "gnu++14";
				CLANG_CXX_LIBRARY = "libc++";
				CLANG_ENABLE_MODULES = YES;
				CLANG_ENABLE_OBJC_ARC = YES;
				CLANG_ENABLE_OBJC_WEAK = YES;
				CLANG_WARN_BLOCK_CAPTURE_AUTORELEASING = YES;
				CLANG_WARN_BOOL_CONVERSION = YES;
				CLANG_WARN_COMMA = YES;
				CLANG_WARN_CONSTANT_CONVERSION = YES;
				CLANG_WARN_DEPRECATED_OBJC_IMPLEMENTATIONS = YES;
				CLANG_WARN_DIRECT_OBJC_ISA_USAGE = YES_ERROR;
				CLANG_WARN_DOCUMENTATION_COMMENTS = YES;
				CLANG_WARN_EMPTY_BODY = YES;
				CLANG_WARN_ENUM_CONVERSION = YES;
				CLANG_WARN_INFINITE_RECURSION = YES;
				CLANG_WARN_INT_CONVERSION = YES;
				CLANG_WARN_NON_LITERAL_NULL_CONVERSION = YES;
				CLANG_WARN_OBJC_IMPLICIT_RETAIN_SELF = YES;
				CLANG_WARN_OBJC_LITERAL_CONVERSION = YES;
				CLANG_WARN_OBJC_ROOT_CLASS = YES_ERROR;
				CLANG_WARN_RANGE_LOOP_ANALYSIS = YES;
				CLANG_WARN_STRICT_PROTOTYPES = YES;
				CLANG_WARN_SUSPICIOUS_MOVE = YES;
				CLANG_WARN_UNGUARDED_AVAILABILITY = YES_AGGRESSIVE;
				CLANG_WARN_UNREACHABLE_CODE = YES;
				CLANG_WARN__DUPLICATE_METHOD_MATCH = YES;
				CODE_SIGN_IDENTITY = "iPhone Developer";
				COPY_PHASE_STRIP = NO;
				DEBUG_INFORMATION_FORMAT = "dwarf-with-dsym";
				ENABLE_NS_ASSERTIONS = NO;
				ENABLE_STRICT_OBJC_MSGSEND = YES;
				GCC_C_LANGUAGE_STANDARD = gnu11;
				GCC_NO_COMMON_BLOCKS = YES;
				GCC_WARN_64_TO_32_BIT_CONVERSION = YES;
				GCC_WARN_ABOUT_RETURN_TYPE = YES_ERROR;
				GCC_WARN_UNDECLARED_SELECTOR = YES;
				GCC_WARN_UNINITIALIZED_AUTOS = YES_AGGRESSIVE;
				GCC_WARN_UNUSED_FUNCTION = YES;
				GCC_WARN_UNUSED_VARIABLE = YES;
				IPHONEOS_DEPLOYMENT_TARGET = 12.4;
				MTL_ENABLE_DEBUG_INFO = NO;
				MTL_FAST_MATH = YES;
				SDKROOT = iphoneos;
				SWIFT_COMPILATION_MODE = wholemodule;
				SWIFT_OPTIMIZATION_LEVEL = "-O";
				VALIDATE_PRODUCT = YES;
			};
			name = Release;
		};
		638AD82222F8AE27005FA8B3 /* Debug */ = {
			isa = XCBuildConfiguration;
			buildSettings = {
				ASSETCATALOG_COMPILER_APPICON_NAME = AppIcon;
				CODE_SIGN_STYLE = Automatic;
				DEVELOPMENT_TEAM = 83YG3ZQCH4;
				INFOPLIST_FILE = "$(SRCROOT)/AlarmProject/Resources/Info.plist";
				LD_RUNPATH_SEARCH_PATHS = (
					"$(inherited)",
					"@executable_path/Frameworks",
				);
				PRODUCT_BUNDLE_IDENTIFIER = com.blakekvarfordt.AlarmProject;
				PRODUCT_NAME = "$(TARGET_NAME)";
				SWIFT_VERSION = 5.0;
				TARGETED_DEVICE_FAMILY = "1,2";
			};
			name = Debug;
		};
		638AD82322F8AE27005FA8B3 /* Release */ = {
			isa = XCBuildConfiguration;
			buildSettings = {
				ASSETCATALOG_COMPILER_APPICON_NAME = AppIcon;
				CODE_SIGN_STYLE = Automatic;
				DEVELOPMENT_TEAM = 83YG3ZQCH4;
				INFOPLIST_FILE = "$(SRCROOT)/AlarmProject/Resources/Info.plist";
				LD_RUNPATH_SEARCH_PATHS = (
					"$(inherited)",
					"@executable_path/Frameworks",
				);
				PRODUCT_BUNDLE_IDENTIFIER = com.blakekvarfordt.AlarmProject;
				PRODUCT_NAME = "$(TARGET_NAME)";
				SWIFT_VERSION = 5.0;
				TARGETED_DEVICE_FAMILY = "1,2";
			};
			name = Release;
		};
/* End XCBuildConfiguration section */

/* Begin XCConfigurationList section */
		638AD80A22F8AE26005FA8B3 /* Build configuration list for PBXProject "AlarmProject" */ = {
			isa = XCConfigurationList;
			buildConfigurations = (
				638AD81F22F8AE27005FA8B3 /* Debug */,
				638AD82022F8AE27005FA8B3 /* Release */,
			);
			defaultConfigurationIsVisible = 0;
			defaultConfigurationName = Release;
		};
		638AD82122F8AE27005FA8B3 /* Build configuration list for PBXNativeTarget "AlarmProject" */ = {
			isa = XCConfigurationList;
			buildConfigurations = (
				638AD82222F8AE27005FA8B3 /* Debug */,
				638AD82322F8AE27005FA8B3 /* Release */,
			);
			defaultConfigurationIsVisible = 0;
			defaultConfigurationName = Release;
		};
/* End XCConfigurationList section */
	};
	rootObject = 638AD80722F8AE26005FA8B3 /* Project object */;
}
